{
  "requires": true,
  "lockfileVersion": 1,
  "dependencies": {
    "black-dashboard": {
      "version": "1.0.0",
      "resolved": "https://registry.npmjs.org/black-dashboard/-/black-dashboard-1.0.0.tgz",
      "integrity": "sha512-D2PoijLSVhOwv+9ujLxPwW6jtzhzdAOH8MaYs7wFQ2O+va0zyY+RpO+IEhKNCDGyHdGcXxDc7+IohtTapTxrAQ=="
    },
    "canvas-gauges": {
      "version": "2.1.7",
      "resolved": "https://registry.npmjs.org/canvas-gauges/-/canvas-gauges-2.1.7.tgz",
      "integrity": "sha512-z9cXBVTZdaUIOh32g21NU8gwxEeaxpEMvkZr9t8Y0QDbZiCDq05SJ17aIt+DM12oTJAlWGluN21D+bQ0NCv5GA=="
    },
    "git": {
      "version": "0.1.5",
      "resolved": "https://registry.npmjs.org/git/-/git-0.1.5.tgz",
      "integrity": "sha1-nvYt+T+FHCdUIUO/UtHGixAXyhU=",
      "requires": {
        "mime": "1.2.9"
      }
    },
    "mime": {
      "version": "1.2.9",
      "resolved": "https://registry.npmjs.org/mime/-/mime-1.2.9.tgz",
      "integrity": "sha1-AJzUCGe9Nd5SGzuWbwTi+NTRPQk="
    }
  }
}
